// !$*UTF8*$!
{
	archiveVersion = 1;
	classes = {
	};
	objectVersion = 46;
	objects = {

/* Begin PBXBuildFile section */
		6CB1B5911956AF80006E3C2E /* Foundation.framework in Frameworks */ = {isa = PBXBuildFile; fileRef = 6CB1B5901956AF80006E3C2E /* Foundation.framework */; };
		6CB1B5931956AF80006E3C2E /* CoreGraphics.framework in Frameworks */ = {isa = PBXBuildFile; fileRef = 6CB1B5921956AF80006E3C2E /* CoreGraphics.framework */; };
		6CB1B5951956AF80006E3C2E /* UIKit.framework in Frameworks */ = {isa = PBXBuildFile; fileRef = 6CB1B5941956AF80006E3C2E /* UIKit.framework */; };
		6CB1B59B1956AF80006E3C2E /* InfoPlist.strings in Resources */ = {isa = PBXBuildFile; fileRef = 6CB1B5991956AF80006E3C2E /* InfoPlist.strings */; };
		6CB1B59D1956AF80006E3C2E /* main.m in Sources */ = {isa = PBXBuildFile; fileRef = 6CB1B59C1956AF80006E3C2E /* main.m */; };
		6CB1B5A11956AF80006E3C2E /* AppDelegate.m in Sources */ = {isa = PBXBuildFile; fileRef = 6CB1B5A01956AF80006E3C2E /* AppDelegate.m */; };
		6CB1B5A31956AF80006E3C2E /* Images.xcassets in Resources */ = {isa = PBXBuildFile; fileRef = 6CB1B5A21956AF80006E3C2E /* Images.xcassets */; };
		6CB1B5AA1956AF80006E3C2E /* XCTest.framework in Frameworks */ = {isa = PBXBuildFile; fileRef = 6CB1B5A91956AF80006E3C2E /* XCTest.framework */; };
		6CB1B5AB1956AF80006E3C2E /* Foundation.framework in Frameworks */ = {isa = PBXBuildFile; fileRef = 6CB1B5901956AF80006E3C2E /* Foundation.framework */; };
		6CB1B5AC1956AF80006E3C2E /* UIKit.framework in Frameworks */ = {isa = PBXBuildFile; fileRef = 6CB1B5941956AF80006E3C2E /* UIKit.framework */; };
		6CB1B5B41956AF80006E3C2E /* InfoPlist.strings in Resources */ = {isa = PBXBuildFile; fileRef = 6CB1B5B21956AF80006E3C2E /* InfoPlist.strings */; };
		6CB1B5B61956AF80006E3C2E /* homework4Tests.m in Sources */ = {isa = PBXBuildFile; fileRef = 6CB1B5B51956AF80006E3C2E /* homework4Tests.m */; };
		6CB1B5C31956B079006E3C2E /* MainViewController.m in Sources */ = {isa = PBXBuildFile; fileRef = 6CB1B5C11956B079006E3C2E /* MainViewController.m */; };
		6CB1B5C41956B079006E3C2E /* MainViewController.xib in Resources */ = {isa = PBXBuildFile; fileRef = 6CB1B5C21956B079006E3C2E /* MainViewController.xib */; };
/* End PBXBuildFile section */

/* Begin PBXContainerItemProxy section */
		6CB1B5AD1956AF80006E3C2E /* PBXContainerItemProxy */ = {
			isa = PBXContainerItemProxy;
			containerPortal = 6CB1B5851956AF80006E3C2E /* Project object */;
			proxyType = 1;
			remoteGlobalIDString = 6CB1B58C1956AF80006E3C2E;
			remoteInfo = homework4;
		};
/* End PBXContainerItemProxy section */

/* Begin PBXFileReference section */
		6CB1B58D1956AF80006E3C2E /* homework4.app */ = {isa = PBXFileReference; explicitFileType = wrapper.application; includeInIndex = 0; path = homework4.app; sourceTree = BUILT_PRODUCTS_DIR; };
		6CB1B5901956AF80006E3C2E /* Foundation.framework */ = {isa = PBXFileReference; lastKnownFileType = wrapper.framework; name = Foundation.framework; path = System/Library/Frameworks/Foundation.framework; sourceTree = SDKROOT; };
		6CB1B5921956AF80006E3C2E /* CoreGraphics.framework */ = {isa = PBXFileReference; lastKnownFileType = wrapper.framework; name = CoreGraphics.framework; path = System/Library/Frameworks/CoreGraphics.framework; sourceTree = SDKROOT; };
		6CB1B5941956AF80006E3C2E /* UIKit.framework */ = {isa = PBXFileReference; lastKnownFileType = wrapper.framework; name = UIKit.framework; path = System/Library/Frameworks/UIKit.framework; sourceTree = SDKROOT; };
		6CB1B5981956AF80006E3C2E /* homework4-Info.plist */ = {isa = PBXFileReference; lastKnownFileType = text.plist.xml; path = "homework4-Info.plist"; sourceTree = "<group>"; };
		6CB1B59A1956AF80006E3C2E /* en */ = {isa = PBXFileReference; lastKnownFileType = text.plist.strings; name = en; path = en.lproj/InfoPlist.strings; sourceTree = "<group>"; };
		6CB1B59C1956AF80006E3C2E /* main.m */ = {isa = PBXFileReference; lastKnownFileType = sourcecode.c.objc; path = main.m; sourceTree = "<group>"; };
		6CB1B59E1956AF80006E3C2E /* homework4-Prefix.pch */ = {isa = PBXFileReference; lastKnownFileType = sourcecode.c.h; path = "homework4-Prefix.pch"; sourceTree = "<group>"; };
		6CB1B59F1956AF80006E3C2E /* AppDelegate.h */ = {isa = PBXFileReference; lastKnownFileType = sourcecode.c.h; path = AppDelegate.h; sourceTree = "<group>"; };
		6CB1B5A01956AF80006E3C2E /* AppDelegate.m */ = {isa = PBXFileReference; lastKnownFileType = sourcecode.c.objc; path = AppDelegate.m; sourceTree = "<group>"; };
		6CB1B5A21956AF80006E3C2E /* Images.xcassets */ = {isa = PBXFileReference; lastKnownFileType = folder.assetcatalog; path = Images.xcassets; sourceTree = "<group>"; };
		6CB1B5A81956AF80006E3C2E /* homework4Tests.xctest */ = {isa = PBXFileReference; explicitFileType = wrapper.cfbundle; includeInIndex = 0; path = homework4Tests.xctest; sourceTree = BUILT_PRODUCTS_DIR; };
		6CB1B5A91956AF80006E3C2E /* XCTest.framework */ = {isa = PBXFileReference; lastKnownFileType = wrapper.framework; name = XCTest.framework; path = Library/Frameworks/XCTest.framework; sourceTree = DEVELOPER_DIR; };
		6CB1B5B11956AF80006E3C2E /* homework4Tests-Info.plist */ = {isa = PBXFileReference; lastKnownFileType = text.plist.xml; path = "homework4Tests-Info.plist"; sourceTree = "<group>"; };
		6CB1B5B31956AF80006E3C2E /* en */ = {isa = PBXFileReference; lastKnownFileType = text.plist.strings; name = en; path = en.lproj/InfoPlist.strings; sourceTree = "<group>"; };
		6CB1B5B51956AF80006E3C2E /* homework4Tests.m */ = {isa = PBXFileReference; lastKnownFileType = sourcecode.c.objc; path = homework4Tests.m; sourceTree = "<group>"; };
		6CB1B5C01956B079006E3C2E /* MainViewController.h */ = {isa = PBXFileReference; fileEncoding = 4; lastKnownFileType = sourcecode.c.h; path = MainViewController.h; sourceTree = "<group>"; };
		6CB1B5C11956B079006E3C2E /* MainViewController.m */ = {isa = PBXFileReference; fileEncoding = 4; lastKnownFileType = sourcecode.c.objc; path = MainViewController.m; sourceTree = "<group>"; };
		6CB1B5C21956B079006E3C2E /* MainViewController.xib */ = {isa = PBXFileReference; fileEncoding = 4; lastKnownFileType = file.xib; path = MainViewController.xib; sourceTree = "<group>"; };
/* End PBXFileReference section */

/* Begin PBXFrameworksBuildPhase section */
		6CB1B58A1956AF80006E3C2E /* Frameworks */ = {
			isa = PBXFrameworksBuildPhase;
			buildActionMask = 2147483647;
			files = (
				6CB1B5931956AF80006E3C2E /* CoreGraphics.framework in Frameworks */,
				6CB1B5951956AF80006E3C2E /* UIKit.framework in Frameworks */,
				6CB1B5911956AF80006E3C2E /* Foundation.framework in Frameworks */,
			);
			runOnlyForDeploymentPostprocessing = 0;
		};
		6CB1B5A51956AF80006E3C2E /* Frameworks */ = {
			isa = PBXFrameworksBuildPhase;
			buildActionMask = 2147483647;
			files = (
				6CB1B5AA1956AF80006E3C2E /* XCTest.framework in Frameworks */,
				6CB1B5AC1956AF80006E3C2E /* UIKit.framework in Frameworks */,
				6CB1B5AB1956AF80006E3C2E /* Foundation.framework in Frameworks */,
			);
			runOnlyForDeploymentPostprocessing = 0;
		};
/* End PBXFrameworksBuildPhase section */

/* Begin PBXGroup section */
		6CB1B5841956AF80006E3C2E = {
			isa = PBXGroup;
			children = (
				6CB1B5961956AF80006E3C2E /* homework4 */,
				6CB1B5AF1956AF80006E3C2E /* homework4Tests */,
				6CB1B58F1956AF80006E3C2E /* Frameworks */,
				6CB1B58E1956AF80006E3C2E /* Products */,
			);
			sourceTree = "<group>";
		};
		6CB1B58E1956AF80006E3C2E /* Products */ = {
			isa = PBXGroup;
			children = (
				6CB1B58D1956AF80006E3C2E /* homework4.app */,
				6CB1B5A81956AF80006E3C2E /* homework4Tests.xctest */,
			);
			name = Products;
			sourceTree = "<group>";
		};
		6CB1B58F1956AF80006E3C2E /* Frameworks */ = {
			isa = PBXGroup;
			children = (
				6CB1B5901956AF80006E3C2E /* Foundation.framework */,
				6CB1B5921956AF80006E3C2E /* CoreGraphics.framework */,
				6CB1B5941956AF80006E3C2E /* UIKit.framework */,
				6CB1B5A91956AF80006E3C2E /* XCTest.framework */,
			);
			name = Frameworks;
			sourceTree = "<group>";
		};
		6CB1B5961956AF80006E3C2E /* homework4 */ = {
			isa = PBXGroup;
			children = (
				6CB1B5BF1956B05E006E3C2E /* viewsController */,
				6CB1B59F1956AF80006E3C2E /* AppDelegate.h */,
				6CB1B5A01956AF80006E3C2E /* AppDelegate.m */,
				6CB1B5A21956AF80006E3C2E /* Images.xcassets */,
				6CB1B5971956AF80006E3C2E /* Supporting Files */,
			);
			path = homework4;
			sourceTree = "<group>";
		};
		6CB1B5971956AF80006E3C2E /* Supporting Files */ = {
			isa = PBXGroup;
			children = (
				6CB1B5981956AF80006E3C2E /* homework4-Info.plist */,
				6CB1B5991956AF80006E3C2E /* InfoPlist.strings */,
				6CB1B59C1956AF80006E3C2E /* main.m */,
				6CB1B59E1956AF80006E3C2E /* homework4-Prefix.pch */,
			);
			name = "Supporting Files";
			sourceTree = "<group>";
		};
		6CB1B5AF1956AF80006E3C2E /* homework4Tests */ = {
			isa = PBXGroup;
			children = (
				6CB1B5B51956AF80006E3C2E /* homework4Tests.m */,
				6CB1B5B01956AF80006E3C2E /* Supporting Files */,
			);
			path = homework4Tests;
			sourceTree = "<group>";
		};
		6CB1B5B01956AF80006E3C2E /* Supporting Files */ = {
			isa = PBXGroup;
			children = (
				6CB1B5B11956AF80006E3C2E /* homework4Tests-Info.plist */,
				6CB1B5B21956AF80006E3C2E /* InfoPlist.strings */,
			);
			name = "Supporting Files";
			sourceTree = "<group>";
		};
		6CB1B5BF1956B05E006E3C2E /* viewsController */ = {
			isa = PBXGroup;
			children = (
				6CB1B5C01956B079006E3C2E /* MainViewController.h */,
				6CB1B5C11956B079006E3C2E /* MainViewController.m */,
				6CB1B5C21956B079006E3C2E /* MainViewController.xib */,
			);
			name = viewsController;
			sourceTree = "<group>";
		};
/* End PBXGroup section */

/* Begin PBXNativeTarget section */
		6CB1B58C1956AF80006E3C2E /* homework4 */ = {
			isa = PBXNativeTarget;
			buildConfigurationList = 6CB1B5B91956AF80006E3C2E /* Build configuration list for PBXNativeTarget "homework4" */;
			buildPhases = (
				6CB1B5891956AF80006E3C2E /* Sources */,
				6CB1B58A1956AF80006E3C2E /* Frameworks */,
				6CB1B58B1956AF80006E3C2E /* Resources */,
			);
			buildRules = (
			);
			dependencies = (
			);
			name = homework4;
			productName = homework4;
			productReference = 6CB1B58D1956AF80006E3C2E /* homework4.app */;
			productType = "com.apple.product-type.application";
		};
		6CB1B5A71956AF80006E3C2E /* homework4Tests */ = {
			isa = PBXNativeTarget;
			buildConfigurationList = 6CB1B5BC1956AF80006E3C2E /* Build configuration list for PBXNativeTarget "homework4Tests" */;
			buildPhases = (
				6CB1B5A41956AF80006E3C2E /* Sources */,
				6CB1B5A51956AF80006E3C2E /* Frameworks */,
				6CB1B5A61956AF80006E3C2E /* Resources */,
			);
			buildRules = (
			);
			dependencies = (
				6CB1B5AE1956AF80006E3C2E /* PBXTargetDependency */,
			);
			name = homework4Tests;
			productName = homework4Tests;
			productReference = 6CB1B5A81956AF80006E3C2E /* homework4Tests.xctest */;
			productType = "com.apple.product-type.bundle.unit-test";
		};
/* End PBXNativeTarget section */

/* Begin PBXProject section */
		6CB1B5851956AF80006E3C2E /* Project object */ = {
			isa = PBXProject;
			attributes = {
				LastUpgradeCheck = 0510;
				ORGANIZATIONNAME = "Kelly An";
				TargetAttributes = {
					6CB1B5A71956AF80006E3C2E = {
						TestTargetID = 6CB1B58C1956AF80006E3C2E;
					};
				};
			};
			buildConfigurationList = 6CB1B5881956AF80006E3C2E /* Build configuration list for PBXProject "homework4" */;
			compatibilityVersion = "Xcode 3.2";
			developmentRegion = English;
			hasScannedForEncodings = 0;
			knownRegions = (
				en,
			);
			mainGroup = 6CB1B5841956AF80006E3C2E;
			productRefGroup = 6CB1B58E1956AF80006E3C2E /* Products */;
			projectDirPath = "";
			projectRoot = "";
			targets = (
				6CB1B58C1956AF80006E3C2E /* homework4 */,
				6CB1B5A71956AF80006E3C2E /* homework4Tests */,
			);
		};
/* End PBXProject section */

/* Begin PBXResourcesBuildPhase section */
		6CB1B58B1956AF80006E3C2E /* Resources */ = {
			isa = PBXResourcesBuildPhase;
			buildActionMask = 2147483647;
			files = (
				6CB1B59B1956AF80006E3C2E /* InfoPlist.strings in Resources */,
				6CB1B5C41956B079006E3C2E /* MainViewController.xib in Resources */,
				6CB1B5A31956AF80006E3C2E /* Images.xcassets in Resources */,
			);
			runOnlyForDeploymentPostprocessing = 0;
		};
		6CB1B5A61956AF80006E3C2E /* Resources */ = {
			isa = PBXResourcesBuildPhase;
			buildActionMask = 2147483647;
			files = (
				6CB1B5B41956AF80006E3C2E /* InfoPlist.strings in Resources */,
			);
			runOnlyForDeploymentPostprocessing = 0;
		};
/* End PBXResourcesBuildPhase section */

/* Begin PBXSourcesBuildPhase section */
		6CB1B5891956AF80006E3C2E /* Sources */ = {
			isa = PBXSourcesBuildPhase;
			buildActionMask = 2147483647;
			files = (
				6CB1B5A11956AF80006E3C2E /* AppDelegate.m in Sources */,
				6CB1B5C31956B079006E3C2E /* MainViewController.m in Sources */,
				6CB1B59D1956AF80006E3C2E /* main.m in Sources */,
			);
			runOnlyForDeploymentPostprocessing = 0;
		};
		6CB1B5A41956AF80006E3C2E /* Sources */ = {
			isa = PBXSourcesBuildPhase;
			buildActionMask = 2147483647;
			files = (
				6CB1B5B61956AF80006E3C2E /* homework4Tests.m in Sources */,
			);
			runOnlyForDeploymentPostprocessing = 0;
		};
/* End PBXSourcesBuildPhase section */

/* Begin PBXTargetDependency section */
		6CB1B5AE1956AF80006E3C2E /* PBXTargetDependency */ = {
			isa = PBXTargetDependency;
			target = 6CB1B58C1956AF80006E3C2E /* homework4 */;
			targetProxy = 6CB1B5AD1956AF80006E3C2E /* PBXContainerItemProxy */;
		};
/* End PBXTargetDependency section */

/* Begin PBXVariantGroup section */
		6CB1B5991956AF80006E3C2E /* InfoPlist.strings */ = {
			isa = PBXVariantGroup;
			children = (
				6CB1B59A1956AF80006E3C2E /* en */,
			);
			name = InfoPlist.strings;
			sourceTree = "<group>";
		};
		6CB1B5B21956AF80006E3C2E /* InfoPlist.strings */ = {
			isa = PBXVariantGroup;
			children = (
				6CB1B5B31956AF80006E3C2E /* en */,
			);
			name = InfoPlist.strings;
			sourceTree = "<group>";
		};
/* End PBXVariantGroup section */

/* Begin XCBuildConfiguration section */
		6CB1B5B71956AF80006E3C2E /* Debug */ = {
			isa = XCBuildConfiguration;
			buildSettings = {
				ALWAYS_SEARCH_USER_PATHS = NO;
				CLANG_CXX_LANGUAGE_STANDARD = "gnu++0x";
				CLANG_CXX_LIBRARY = "libc++";
				CLANG_ENABLE_MODULES = YES;
				CLANG_ENABLE_OBJC_ARC = YES;
				CLANG_WARN_BOOL_CONVERSION = YES;
				CLANG_WARN_CONSTANT_CONVERSION = YES;
				CLANG_WARN_DIRECT_OBJC_ISA_USAGE = YES_ERROR;
				CLANG_WARN_EMPTY_BODY = YES;
				CLANG_WARN_ENUM_CONVERSION = YES;
				CLANG_WARN_INT_CONVERSION = YES;
				CLANG_WARN_OBJC_ROOT_CLASS = YES_ERROR;
				CLANG_WARN__DUPLICATE_METHOD_MATCH = YES;
				"CODE_SIGN_IDENTITY[sdk=iphoneos*]" = "iPhone Developer";
				COPY_PHASE_STRIP = NO;
				GCC_C_LANGUAGE_STANDARD = gnu99;
				GCC_DYNAMIC_NO_PIC = NO;
				GCC_OPTIMIZATION_LEVEL = 0;
				GCC_PREPROCESSOR_DEFINITIONS = (
					"DEBUG=1",
					"$(inherited)",
				);
				GCC_SYMBOLS_PRIVATE_EXTERN = NO;
				GCC_WARN_64_TO_32_BIT_CONVERSION = YES;
				GCC_WARN_ABOUT_RETURN_TYPE = YES_ERROR;
				GCC_WARN_UNDECLARED_SELECTOR = YES;
				GCC_WARN_UNINITIALIZED_AUTOS = YES_AGGRESSIVE;
				GCC_WARN_UNUSED_FUNCTION = YES;
				GCC_WARN_UNUSED_VARIABLE = YES;
				IPHONEOS_DEPLOYMENT_TARGET = 7.1;
				ONLY_ACTIVE_ARCH = YES;
				SDKROOT = iphoneos;
				TARGETED_DEVICE_FAMILY = "1,2";
			};
			name = Debug;
		};
		6CB1B5B81956AF80006E3C2E /* Release */ = {
			isa = XCBuildConfiguration;
			buildSettings = {
				ALWAYS_SEARCH_USER_PATHS = NO;
				CLANG_CXX_LANGUAGE_STANDARD = "gnu++0x";
				CLANG_CXX_LIBRARY = "libc++";
				CLANG_ENABLE_MODULES = YES;
				CLANG_ENABLE_OBJC_ARC = YES;
				CLANG_WARN_BOOL_CONVERSION = YES;
				CLANG_WARN_CONSTANT_CONVERSION = YES;
				CLANG_WARN_DIRECT_OBJC_ISA_USAGE = YES_ERROR;
				CLANG_WARN_EMPTY_BODY = YES;
				CLANG_WARN_ENUM_CONVERSION = YES;
				CLANG_WARN_INT_CONVERSION = YES;
				CLANG_WARN_OBJC_ROOT_CLASS = YES_ERROR;
				CLANG_WARN__DUPLICATE_METHOD_MATCH = YES;
				"CODE_SIGN_IDENTITY[sdk=iphoneos*]" = "iPhone Developer";
				COPY_PHASE_STRIP = YES;
				ENABLE_NS_ASSERTIONS = NO;
				GCC_C_LANGUAGE_STANDARD = gnu99;
				GCC_WARN_64_TO_32_BIT_CONVERSION = YES;
				GCC_WARN_ABOUT_RETURN_TYPE = YES_ERROR;
				GCC_WARN_UNDECLARED_SELECTOR = YES;
				GCC_WARN_UNINITIALIZED_AUTOS = YES_AGGRESSIVE;
				GCC_WARN_UNUSED_FUNCTION = YES;
				GCC_WARN_UNUSED_VARIABLE = YES;
				IPHONEOS_DEPLOYMENT_TARGET = 7.1;
				SDKROOT = iphoneos;
				TARGETED_DEVICE_FAMILY = "1,2";
				VALIDATE_PRODUCT = YES;
			};
			name = Release;
		};
		6CB1B5BA1956AF80006E3C2E /* Debug */ = {
			isa = XCBuildConfiguration;
			buildSettings = {
				ASSETCATALOG_COMPILER_APPICON_NAME = AppIcon;
				ASSETCATALOG_COMPILER_LAUNCHIMAGE_NAME = LaunchImage;
				GCC_PRECOMPILE_PREFIX_HEADER = YES;
				GCC_PREFIX_HEADER = "homework4/homework4-Prefix.pch";
				INFOPLIST_FILE = "homework4/homework4-Info.plist";
				PRODUCT_NAME = "$(TARGET_NAME)";
				WRAPPER_EXTENSION = app;
			};
			name = Debug;
		};
		6CB1B5BB1956AF80006E3C2E /* Release */ = {
			isa = XCBuildConfiguration;
			buildSettings = {
				ASSETCATALOG_COMPILER_APPICON_NAME = AppIcon;
				ASSETCATALOG_COMPILER_LAUNCHIMAGE_NAME = LaunchImage;
				GCC_PRECOMPILE_PREFIX_HEADER = YES;
				GCC_PREFIX_HEADER = "homework4/homework4-Prefix.pch";
				INFOPLIST_FILE = "homework4/homework4-Info.plist";
				PRODUCT_NAME = "$(TARGET_NAME)";
				WRAPPER_EXTENSION = app;
			};
			name = Release;
		};
		6CB1B5BD1956AF80006E3C2E /* Debug */ = {
			isa = XCBuildConfiguration;
			buildSettings = {
				BUNDLE_LOADER = "$(BUILT_PRODUCTS_DIR)/homework4.app/homework4";
				FRAMEWORK_SEARCH_PATHS = (
					"$(SDKROOT)/Developer/Library/Frameworks",
					"$(inherited)",
					"$(DEVELOPER_FRAMEWORKS_DIR)",
				);
				GCC_PRECOMPILE_PREFIX_HEADER = YES;
				GCC_PREFIX_HEADER = "homework4/homework4-Prefix.pch";
				GCC_PREPROCESSOR_DEFINITIONS = (
					"DEBUG=1",
					"$(inherited)",
				);
				INFOPLIST_FILE = "homework4Tests/homework4Tests-Info.plist";
				PRODUCT_NAME = "$(TARGET_NAME)";
				TEST_HOST = "$(BUNDLE_LOADER)";
				WRAPPER_EXTENSION = xctest;
			};
			name = Debug;
		};
		6CB1B5BE1956AF80006E3C2E /* Release */ = {
			isa = XCBuildConfiguration;
			buildSettings = {
				BUNDLE_LOADER = "$(BUILT_PRODUCTS_DIR)/homework4.app/homework4";
				FRAMEWORK_SEARCH_PATHS = (
					"$(SDKROOT)/Developer/Library/Frameworks",
					"$(inherited)",
					"$(DEVELOPER_FRAMEWORKS_DIR)",
				);
				GCC_PRECOMPILE_PREFIX_HEADER = YES;
				GCC_PREFIX_HEADER = "homework4/homework4-Prefix.pch";
				INFOPLIST_FILE = "homework4Tests/homework4Tests-Info.plist";
				PRODUCT_NAME = "$(TARGET_NAME)";
				TEST_HOST = "$(BUNDLE_LOADER)";
				WRAPPER_EXTENSION = xctest;
			};
			name = Release;
		};
/* End XCBuildConfiguration section */

/* Begin XCConfigurationList section */
		6CB1B5881956AF80006E3C2E /* Build configuration list for PBXProject "homework4" */ = {
			isa = XCConfigurationList;
			buildConfigurations = (
				6CB1B5B71956AF80006E3C2E /* Debug */,
				6CB1B5B81956AF80006E3C2E /* Release */,
			);
			defaultConfigurationIsVisible = 0;
			defaultConfigurationName = Release;
		};
		6CB1B5B91956AF80006E3C2E /* Build configuration list for PBXNativeTarget "homework4" */ = {
			isa = XCConfigurationList;
			buildConfigurations = (
				6CB1B5BA1956AF80006E3C2E /* Debug */,
				6CB1B5BB1956AF80006E3C2E /* Release */,
			);
			defaultConfigurationIsVisible = 0;
		};
		6CB1B5BC1956AF80006E3C2E /* Build configuration list for PBXNativeTarget "homework4Tests" */ = {
			isa = XCConfigurationList;
			buildConfigurations = (
				6CB1B5BD1956AF80006E3C2E /* Debug */,
				6CB1B5BE1956AF80006E3C2E /* Release */,
			);
			defaultConfigurationIsVisible = 0;
		};
/* End XCConfigurationList section */
	};
	rootObject = 6CB1B5851956AF80006E3C2E /* Project object */;
}
